# THIS IS AN AUTOGENERATED FILE. DO NOT EDIT THIS FILE DIRECTLY.
# yarn lockfile v1


jotai@^1.6.4:
  version "1.6.4"
  resolved "https://registry.yarnpkg.com/jotai/-/jotai-1.6.4.tgz#4d9904362c53c4293d32e21fb358d3de34b82912"
  integrity sha512-XC0ExLhdE6FEBdIjKTe6kMlHaAUV/QiwN7vZond76gNr/WdcdonJOEW79+5t8u38sR41bJXi26B1dRi7cCRz9A==
